{
  "name": "NodeComment",
  "version": "1.0.0",
  "lockfileVersion": 1,
  "requires": true,
  "dependencies": {
    "node": {
      "version": "14.0.0",
      "resolved": "https://registry.npm.taobao.org/node/download/node-14.0.0.tgz",
      "integrity": "sha1-jD8pJWuvRpdN6aApCMCYAEybOcM=",
      "requires": {
        "node-bin-setup": "^1.0.0"
      }
    },
    "node-bin-setup": {
      "version": "1.0.6",
      "resolved": "https://registry.npm.taobao.org/node-bin-setup/download/node-bin-setup-1.0.6.tgz",
      "integrity": "sha1-S1ybuTfs5wLXBps2ynivRoRndSg="
    }
  }
}
